
Microsoft Visual Studio Solution File, Format Version 12.00
# Visual Studio 14
VisualStudioVersion = 14.0.25420.1
MinimumVisualStudioVersion = 10.0.40219.1
Project("{FAE04EC0-301F-11D3-BF4B-00C04F79EFBC}") = "MultiplesOf3And5", "ProjectEuler\MultiplesOf3And5.csproj", "{88AE8215-E36C-4692-8028-B7A371717487}"
EndProject
Project("{2150E333-8FDC-42A3-9474-1A3956D46DE8}") = "01.MultiplesOf3And5", "01.MultiplesOf3And5", "{9D45CE43-A116-41AA-9F59-83854A0C7585}"
EndProject
Project("{2150E333-8FDC-42A3-9474-1A3956D46DE8}") = "02.EvenFibonacciNumbers", "02.EvenFibonacciNumbers", "{9C4D5368-4613-471D-AC1B-9AA737A8A2BA}"
EndProject
Project("{FAE04EC0-301F-11D3-BF4B-00C04F79EFBC}") = "EvenFibonacciNumbers", "EvenFibonacciNumbers\EvenFibonacciNumbers.csproj", "{97E60B1E-F3CE-4ED8-A899-1F7726F2E06F}"
EndProject
Project("{2150E333-8FDC-42A3-9474-1A3956D46DE8}") = "03.LargestPrimeFactor", "03.LargestPrimeFactor", "{27C66725-228F-45A4-9FCA-64D303B809BC}"
EndProject
Project("{FAE04EC0-301F-11D3-BF4B-00C04F79EFBC}") = "LargestPrimeFactor", "LargestPrimeFactor\LargestPrimeFactor.csproj", "{3010415A-4974-4C06-B6F5-4E466F969E50}"
EndProject
Project("{2150E333-8FDC-42A3-9474-1A3956D46DE8}") = "04.LargestPalindromeProduct", "04.LargestPalindromeProduct", "{03037502-F11D-414B-8C60-3BBE92C30082}"
EndProject
Project("{FAE04EC0-301F-11D3-BF4B-00C04F79EFBC}") = "LargestPalindromeProduct", "LargestPalindromeProduct\LargestPalindromeProduct.csproj", "{759E6DDB-A696-4993-B993-29EFDA617384}"
EndProject
Project("{2150E333-8FDC-42A3-9474-1A3956D46DE8}") = "05.SmallestMultiple", "05.SmallestMultiple", "{0992B3AD-BC77-4D9A-9520-D8333EBE0DFB}"
EndProject
Project("{FAE04EC0-301F-11D3-BF4B-00C04F79EFBC}") = "SmallestMultiple", "SmallestMultiple\SmallestMultiple.csproj", "{16AB245A-A667-42E6-9D50-402738C52093}"
EndProject
Project("{2150E333-8FDC-42A3-9474-1A3956D46DE8}") = "06.SumSquareDifference", "06.SumSquareDifference", "{314C661A-5CE0-405F-B351-CE04F2168407}"
EndProject
Project("{FAE04EC0-301F-11D3-BF4B-00C04F79EFBC}") = "SumSquareDifference", "SumSquareDifference\SumSquareDifference.csproj", "{23B55E2E-6CCE-4799-AD20-86F4C2D67F3E}"
EndProject
Project("{2150E333-8FDC-42A3-9474-1A3956D46DE8}") = "07.10001stprime", "07.10001stprime", "{9F950AA0-3668-40FB-9B44-0C3BC18DAE07}"
EndProject
Project("{FAE04EC0-301F-11D3-BF4B-00C04F79EFBC}") = "10001stPrime", "10001stPrime\10001stPrime.csproj", "{8D309E8E-9599-4C74-870B-04F9CE5327F1}"
EndProject
Project("{2150E333-8FDC-42A3-9474-1A3956D46DE8}") = "08.LargestProductInASeries", "08.LargestProductInASeries", "{0CD1768D-23E4-44CE-AAF5-32F1ECA85641}"
EndProject
Project("{FAE04EC0-301F-11D3-BF4B-00C04F79EFBC}") = "LargestProductInASeries", "LargestProductInASeries\LargestProductInASeries.csproj", "{31F2A5C6-0633-4BE8-8056-B468F467EB24}"
EndProject
Project("{2150E333-8FDC-42A3-9474-1A3956D46DE8}") = "09.SpecialPythagoreanTriplet", "09.SpecialPythagoreanTriplet", "{02CE205C-82CD-4E91-B7EB-37A031C4E8A1}"
EndProject
Project("{FAE04EC0-301F-11D3-BF4B-00C04F79EFBC}") = "SpecialPythagoreanTriplet", "SpecialPythagoreanTriplet\SpecialPythagoreanTriplet.csproj", "{BB8E6D75-3058-4145-825B-054F5D516393}"
EndProject
Project("{FAE04EC0-301F-11D3-BF4B-00C04F79EFBC}") = "SummationOfPrimes", "SummationOfPrimes\SummationOfPrimes.csproj", "{5FFABCDF-AAD7-4F34-907F-0FC6E52D29F4}"
EndProject
Project("{2150E333-8FDC-42A3-9474-1A3956D46DE8}") = "10.SummationOfPrimes", "10.SummationOfPrimes", "{639ED5B8-0ACA-4F2E-ADAD-D724A06BC2DF}"
EndProject
Project("{2150E333-8FDC-42A3-9474-1A3956D46DE8}") = "11.LargestProductInAGrid", "11.LargestProductInAGrid", "{E7F1F6CB-AA7A-4B4D-94DB-420DA42D3DAD}"
EndProject
Project("{FAE04EC0-301F-11D3-BF4B-00C04F79EFBC}") = "LargestProductInAGrid", "LargestProductInAGrid\LargestProductInAGrid.csproj", "{814D8B6C-D59B-42E8-B0FE-DE80EB1CFC87}"
EndProject
Project("{2150E333-8FDC-42A3-9474-1A3956D46DE8}") = "12.HighlyDivisibleTriangularNumber", "12.HighlyDivisibleTriangularNumber", "{BC69DE24-A070-4B9F-B108-8EA763BB2BDA}"
EndProject
Project("{FAE04EC0-301F-11D3-BF4B-00C04F79EFBC}") = "HighlyDivisibleTriangularNumber", "HighlyDivisibleTriangularNumber\HighlyDivisibleTriangularNumber.csproj", "{980C41EF-C022-46A5-A111-575B973C4D41}"
EndProject
Project("{2150E333-8FDC-42A3-9474-1A3956D46DE8}") = "13.LargeSum", "13.LargeSum", "{85BE87E6-F1C3-4344-B9C6-667D80145BCB}"
EndProject
Project("{FAE04EC0-301F-11D3-BF4B-00C04F79EFBC}") = "LargeSum", "LargeSum\LargeSum.csproj", "{BFC5D237-CC8C-4C10-A0C5-FCB1149260D4}"
EndProject
Project("{2150E333-8FDC-42A3-9474-1A3956D46DE8}") = "14.LongestCollatzSequence", "14.LongestCollatzSequence", "{0E57A788-9449-4903-B11B-A29EBAD153FF}"
EndProject
Project("{FAE04EC0-301F-11D3-BF4B-00C04F79EFBC}") = "LongestCollatzSequence", "LongestCollatzSequence\LongestCollatzSequence.csproj", "{DCA0CD24-E098-4D12-9C69-A123A8E846D9}"
EndProject
Project("{2150E333-8FDC-42A3-9474-1A3956D46DE8}") = "15.LatticePaths", "15.LatticePaths", "{6342697B-A096-4B8C-BCA5-5D2160C8B42D}"
EndProject
Project("{FAE04EC0-301F-11D3-BF4B-00C04F79EFBC}") = "LatticePaths", "LatticePaths\LatticePaths.csproj", "{9D4F7BC8-5B63-499E-9C75-04AF9A6B0670}"
EndProject
Project("{2150E333-8FDC-42A3-9474-1A3956D46DE8}") = "16.PowerDigitSum", "16.PowerDigitSum", "{3DC746DA-4AD0-4CD9-8B1E-65370C7BF55B}"
EndProject
Project("{FAE04EC0-301F-11D3-BF4B-00C04F79EFBC}") = "PowerDigitSum", "PowerDigitSum\PowerDigitSum.csproj", "{FE6DF74E-2D49-4BBB-B06C-0069BF3BD5CD}"
EndProject
Project("{2150E333-8FDC-42A3-9474-1A3956D46DE8}") = "17.NumberLetterCounts", "17.NumberLetterCounts", "{A37445E7-C165-4CFE-9664-88D339A581D0}"
EndProject
Project("{FAE04EC0-301F-11D3-BF4B-00C04F79EFBC}") = "NumberLetterCounts", "NumberLetterCounts\NumberLetterCounts.csproj", "{4579BC31-F537-4F82-A9BF-30BDF8EBEE2F}"
EndProject
Project("{2150E333-8FDC-42A3-9474-1A3956D46DE8}") = "20.FactorialDigitSum", "20.FactorialDigitSum", "{3738A08F-1282-4B45-A228-120B29B0055D}"
EndProject
Project("{FAE04EC0-301F-11D3-BF4B-00C04F79EFBC}") = "FactorialDigitSum", "FactorialDigitSum\FactorialDigitSum.csproj", "{76BC6CCB-6C91-43AB-B247-ECDD31A2B70A}"
EndProject
Project("{2150E333-8FDC-42A3-9474-1A3956D46DE8}") = "19.CountingSundays", "19.CountingSundays", "{2A0F1468-924A-4E15-8764-B302D2C56AF2}"
EndProject
Project("{FAE04EC0-301F-11D3-BF4B-00C04F79EFBC}") = "CountingSundays", "CountingSundays\CountingSundays.csproj", "{E08033AA-36D6-46AB-86C6-B6C8DB3CCE08}"
EndProject
Project("{2150E333-8FDC-42A3-9474-1A3956D46DE8}") = "21.AmicableNumbers", "21.AmicableNumbers", "{AAC642D5-CBA1-48CB-820E-E9E119CCF531}"
EndProject
Project("{FAE04EC0-301F-11D3-BF4B-00C04F79EFBC}") = "AmicableNumbers", "AmicableNumbers\AmicableNumbers.csproj", "{9CDD23DF-7D34-45DF-9EDC-EB2AF62A1FD4}"
EndProject
Project("{2150E333-8FDC-42A3-9474-1A3956D46DE8}") = "23.NonAbundantSums", "23.NonAbundantSums", "{02F8130B-CBE1-4113-9F61-C96B626374A3}"
EndProject
Project("{FAE04EC0-301F-11D3-BF4B-00C04F79EFBC}") = "NonAbundantSums", "NonAbundantSums\NonAbundantSums.csproj", "{EBA021C2-3948-4145-8032-9254722BD6A2}"
EndProject
Project("{2150E333-8FDC-42A3-9474-1A3956D46DE8}") = "22.NamesScores", "22.NamesScores", "{F64B5D52-E25A-48EF-96D7-A754C8C8FCD8}"
EndProject
Project("{FAE04EC0-301F-11D3-BF4B-00C04F79EFBC}") = "NamesScores", "NamesScores\NamesScores.csproj", "{B785575F-3EEB-4054-9C4D-8FE9F32640E0}"
EndProject
Global
	GlobalSection(SolutionConfigurationPlatforms) = preSolution
		Debug|Any CPU = Debug|Any CPU
		Release|Any CPU = Release|Any CPU
	EndGlobalSection
	GlobalSection(ProjectConfigurationPlatforms) = postSolution
		{88AE8215-E36C-4692-8028-B7A371717487}.Debug|Any CPU.ActiveCfg = Debug|Any CPU
		{88AE8215-E36C-4692-8028-B7A371717487}.Debug|Any CPU.Build.0 = Debug|Any CPU
		{88AE8215-E36C-4692-8028-B7A371717487}.Release|Any CPU.ActiveCfg = Release|Any CPU
		{88AE8215-E36C-4692-8028-B7A371717487}.Release|Any CPU.Build.0 = Release|Any CPU
		{97E60B1E-F3CE-4ED8-A899-1F7726F2E06F}.Debug|Any CPU.ActiveCfg = Debug|Any CPU
		{97E60B1E-F3CE-4ED8-A899-1F7726F2E06F}.Debug|Any CPU.Build.0 = Debug|Any CPU
		{97E60B1E-F3CE-4ED8-A899-1F7726F2E06F}.Release|Any CPU.ActiveCfg = Release|Any CPU
		{97E60B1E-F3CE-4ED8-A899-1F7726F2E06F}.Release|Any CPU.Build.0 = Release|Any CPU
		{3010415A-4974-4C06-B6F5-4E466F969E50}.Debug|Any CPU.ActiveCfg = Debug|Any CPU
		{3010415A-4974-4C06-B6F5-4E466F969E50}.Debug|Any CPU.Build.0 = Debug|Any CPU
		{3010415A-4974-4C06-B6F5-4E466F969E50}.Release|Any CPU.ActiveCfg = Release|Any CPU
		{3010415A-4974-4C06-B6F5-4E466F969E50}.Release|Any CPU.Build.0 = Release|Any CPU
		{759E6DDB-A696-4993-B993-29EFDA617384}.Debug|Any CPU.ActiveCfg = Debug|Any CPU
		{759E6DDB-A696-4993-B993-29EFDA617384}.Debug|Any CPU.Build.0 = Debug|Any CPU
		{759E6DDB-A696-4993-B993-29EFDA617384}.Release|Any CPU.ActiveCfg = Release|Any CPU
		{759E6DDB-A696-4993-B993-29EFDA617384}.Release|Any CPU.Build.0 = Release|Any CPU
		{16AB245A-A667-42E6-9D50-402738C52093}.Debug|Any CPU.ActiveCfg = Debug|Any CPU
		{16AB245A-A667-42E6-9D50-402738C52093}.Debug|Any CPU.Build.0 = Debug|Any CPU
		{16AB245A-A667-42E6-9D50-402738C52093}.Release|Any CPU.ActiveCfg = Release|Any CPU
		{16AB245A-A667-42E6-9D50-402738C52093}.Release|Any CPU.Build.0 = Release|Any CPU
		{23B55E2E-6CCE-4799-AD20-86F4C2D67F3E}.Debug|Any CPU.ActiveCfg = Debug|Any CPU
		{23B55E2E-6CCE-4799-AD20-86F4C2D67F3E}.Debug|Any CPU.Build.0 = Debug|Any CPU
		{23B55E2E-6CCE-4799-AD20-86F4C2D67F3E}.Release|Any CPU.ActiveCfg = Release|Any CPU
		{23B55E2E-6CCE-4799-AD20-86F4C2D67F3E}.Release|Any CPU.Build.0 = Release|Any CPU
		{8D309E8E-9599-4C74-870B-04F9CE5327F1}.Debug|Any CPU.ActiveCfg = Debug|Any CPU
		{8D309E8E-9599-4C74-870B-04F9CE5327F1}.Debug|Any CPU.Build.0 = Debug|Any CPU
		{8D309E8E-9599-4C74-870B-04F9CE5327F1}.Release|Any CPU.ActiveCfg = Release|Any CPU
		{8D309E8E-9599-4C74-870B-04F9CE5327F1}.Release|Any CPU.Build.0 = Release|Any CPU
		{31F2A5C6-0633-4BE8-8056-B468F467EB24}.Debug|Any CPU.ActiveCfg = Debug|Any CPU
		{31F2A5C6-0633-4BE8-8056-B468F467EB24}.Debug|Any CPU.Build.0 = Debug|Any CPU
		{31F2A5C6-0633-4BE8-8056-B468F467EB24}.Release|Any CPU.ActiveCfg = Release|Any CPU
		{31F2A5C6-0633-4BE8-8056-B468F467EB24}.Release|Any CPU.Build.0 = Release|Any CPU
		{BB8E6D75-3058-4145-825B-054F5D516393}.Debug|Any CPU.ActiveCfg = Debug|Any CPU
		{BB8E6D75-3058-4145-825B-054F5D516393}.Debug|Any CPU.Build.0 = Debug|Any CPU
		{BB8E6D75-3058-4145-825B-054F5D516393}.Release|Any CPU.ActiveCfg = Release|Any CPU
		{BB8E6D75-3058-4145-825B-054F5D516393}.Release|Any CPU.Build.0 = Release|Any CPU
		{5FFABCDF-AAD7-4F34-907F-0FC6E52D29F4}.Debug|Any CPU.ActiveCfg = Debug|Any CPU
		{5FFABCDF-AAD7-4F34-907F-0FC6E52D29F4}.Debug|Any CPU.Build.0 = Debug|Any CPU
		{5FFABCDF-AAD7-4F34-907F-0FC6E52D29F4}.Release|Any CPU.ActiveCfg = Release|Any CPU
		{5FFABCDF-AAD7-4F34-907F-0FC6E52D29F4}.Release|Any CPU.Build.0 = Release|Any CPU
		{814D8B6C-D59B-42E8-B0FE-DE80EB1CFC87}.Debug|Any CPU.ActiveCfg = Debug|Any CPU
		{814D8B6C-D59B-42E8-B0FE-DE80EB1CFC87}.Debug|Any CPU.Build.0 = Debug|Any CPU
		{814D8B6C-D59B-42E8-B0FE-DE80EB1CFC87}.Release|Any CPU.ActiveCfg = Release|Any CPU
		{814D8B6C-D59B-42E8-B0FE-DE80EB1CFC87}.Release|Any CPU.Build.0 = Release|Any CPU
		{980C41EF-C022-46A5-A111-575B973C4D41}.Debug|Any CPU.ActiveCfg = Debug|Any CPU
		{980C41EF-C022-46A5-A111-575B973C4D41}.Debug|Any CPU.Build.0 = Debug|Any CPU
		{980C41EF-C022-46A5-A111-575B973C4D41}.Release|Any CPU.ActiveCfg = Release|Any CPU
		{980C41EF-C022-46A5-A111-575B973C4D41}.Release|Any CPU.Build.0 = Release|Any CPU
		{BFC5D237-CC8C-4C10-A0C5-FCB1149260D4}.Debug|Any CPU.ActiveCfg = Debug|Any CPU
		{BFC5D237-CC8C-4C10-A0C5-FCB1149260D4}.Debug|Any CPU.Build.0 = Debug|Any CPU
		{BFC5D237-CC8C-4C10-A0C5-FCB1149260D4}.Release|Any CPU.ActiveCfg = Release|Any CPU
		{BFC5D237-CC8C-4C10-A0C5-FCB1149260D4}.Release|Any CPU.Build.0 = Release|Any CPU
		{DCA0CD24-E098-4D12-9C69-A123A8E846D9}.Debug|Any CPU.ActiveCfg = Debug|Any CPU
		{DCA0CD24-E098-4D12-9C69-A123A8E846D9}.Debug|Any CPU.Build.0 = Debug|Any CPU
		{DCA0CD24-E098-4D12-9C69-A123A8E846D9}.Release|Any CPU.ActiveCfg = Release|Any CPU
		{DCA0CD24-E098-4D12-9C69-A123A8E846D9}.Release|Any CPU.Build.0 = Release|Any CPU
		{9D4F7BC8-5B63-499E-9C75-04AF9A6B0670}.Debug|Any CPU.ActiveCfg = Debug|Any CPU
		{9D4F7BC8-5B63-499E-9C75-04AF9A6B0670}.Debug|Any CPU.Build.0 = Debug|Any CPU
		{9D4F7BC8-5B63-499E-9C75-04AF9A6B0670}.Release|Any CPU.ActiveCfg = Release|Any CPU
		{9D4F7BC8-5B63-499E-9C75-04AF9A6B0670}.Release|Any CPU.Build.0 = Release|Any CPU
		{FE6DF74E-2D49-4BBB-B06C-0069BF3BD5CD}.Debug|Any CPU.ActiveCfg = Debug|Any CPU
		{FE6DF74E-2D49-4BBB-B06C-0069BF3BD5CD}.Debug|Any CPU.Build.0 = Debug|Any CPU
		{FE6DF74E-2D49-4BBB-B06C-0069BF3BD5CD}.Release|Any CPU.ActiveCfg = Release|Any CPU
		{FE6DF74E-2D49-4BBB-B06C-0069BF3BD5CD}.Release|Any CPU.Build.0 = Release|Any CPU
		{4579BC31-F537-4F82-A9BF-30BDF8EBEE2F}.Debug|Any CPU.ActiveCfg = Debug|Any CPU
		{4579BC31-F537-4F82-A9BF-30BDF8EBEE2F}.Debug|Any CPU.Build.0 = Debug|Any CPU
		{4579BC31-F537-4F82-A9BF-30BDF8EBEE2F}.Release|Any CPU.ActiveCfg = Release|Any CPU
		{4579BC31-F537-4F82-A9BF-30BDF8EBEE2F}.Release|Any CPU.Build.0 = Release|Any CPU
		{76BC6CCB-6C91-43AB-B247-ECDD31A2B70A}.Debug|Any CPU.ActiveCfg = Debug|Any CPU
		{76BC6CCB-6C91-43AB-B247-ECDD31A2B70A}.Debug|Any CPU.Build.0 = Debug|Any CPU
		{76BC6CCB-6C91-43AB-B247-ECDD31A2B70A}.Release|Any CPU.ActiveCfg = Release|Any CPU
		{76BC6CCB-6C91-43AB-B247-ECDD31A2B70A}.Release|Any CPU.Build.0 = Release|Any CPU
		{E08033AA-36D6-46AB-86C6-B6C8DB3CCE08}.Debug|Any CPU.ActiveCfg = Debug|Any CPU
		{E08033AA-36D6-46AB-86C6-B6C8DB3CCE08}.Debug|Any CPU.Build.0 = Debug|Any CPU
		{E08033AA-36D6-46AB-86C6-B6C8DB3CCE08}.Release|Any CPU.ActiveCfg = Release|Any CPU
		{E08033AA-36D6-46AB-86C6-B6C8DB3CCE08}.Release|Any CPU.Build.0 = Release|Any CPU
		{9CDD23DF-7D34-45DF-9EDC-EB2AF62A1FD4}.Debug|Any CPU.ActiveCfg = Debug|Any CPU
		{9CDD23DF-7D34-45DF-9EDC-EB2AF62A1FD4}.Debug|Any CPU.Build.0 = Debug|Any CPU
		{9CDD23DF-7D34-45DF-9EDC-EB2AF62A1FD4}.Release|Any CPU.ActiveCfg = Release|Any CPU
		{9CDD23DF-7D34-45DF-9EDC-EB2AF62A1FD4}.Release|Any CPU.Build.0 = Release|Any CPU
		{EBA021C2-3948-4145-8032-9254722BD6A2}.Debug|Any CPU.ActiveCfg = Debug|Any CPU
		{EBA021C2-3948-4145-8032-9254722BD6A2}.Debug|Any CPU.Build.0 = Debug|Any CPU
		{EBA021C2-3948-4145-8032-9254722BD6A2}.Release|Any CPU.ActiveCfg = Release|Any CPU
		{EBA021C2-3948-4145-8032-9254722BD6A2}.Release|Any CPU.Build.0 = Release|Any CPU
		{B785575F-3EEB-4054-9C4D-8FE9F32640E0}.Debug|Any CPU.ActiveCfg = Debug|Any CPU
		{B785575F-3EEB-4054-9C4D-8FE9F32640E0}.Debug|Any CPU.Build.0 = Debug|Any CPU
		{B785575F-3EEB-4054-9C4D-8FE9F32640E0}.Release|Any CPU.ActiveCfg = Release|Any CPU
		{B785575F-3EEB-4054-9C4D-8FE9F32640E0}.Release|Any CPU.Build.0 = Release|Any CPU
	EndGlobalSection
	GlobalSection(SolutionProperties) = preSolution
		HideSolutionNode = FALSE
	EndGlobalSection
	GlobalSection(NestedProjects) = preSolution
		{88AE8215-E36C-4692-8028-B7A371717487} = {9D45CE43-A116-41AA-9F59-83854A0C7585}
		{97E60B1E-F3CE-4ED8-A899-1F7726F2E06F} = {9C4D5368-4613-471D-AC1B-9AA737A8A2BA}
		{3010415A-4974-4C06-B6F5-4E466F969E50} = {27C66725-228F-45A4-9FCA-64D303B809BC}
		{759E6DDB-A696-4993-B993-29EFDA617384} = {03037502-F11D-414B-8C60-3BBE92C30082}
		{16AB245A-A667-42E6-9D50-402738C52093} = {0992B3AD-BC77-4D9A-9520-D8333EBE0DFB}
		{23B55E2E-6CCE-4799-AD20-86F4C2D67F3E} = {314C661A-5CE0-405F-B351-CE04F2168407}
		{8D309E8E-9599-4C74-870B-04F9CE5327F1} = {9F950AA0-3668-40FB-9B44-0C3BC18DAE07}
		{31F2A5C6-0633-4BE8-8056-B468F467EB24} = {0CD1768D-23E4-44CE-AAF5-32F1ECA85641}
		{BB8E6D75-3058-4145-825B-054F5D516393} = {02CE205C-82CD-4E91-B7EB-37A031C4E8A1}
		{5FFABCDF-AAD7-4F34-907F-0FC6E52D29F4} = {639ED5B8-0ACA-4F2E-ADAD-D724A06BC2DF}
		{814D8B6C-D59B-42E8-B0FE-DE80EB1CFC87} = {E7F1F6CB-AA7A-4B4D-94DB-420DA42D3DAD}
		{980C41EF-C022-46A5-A111-575B973C4D41} = {BC69DE24-A070-4B9F-B108-8EA763BB2BDA}
		{BFC5D237-CC8C-4C10-A0C5-FCB1149260D4} = {85BE87E6-F1C3-4344-B9C6-667D80145BCB}
		{DCA0CD24-E098-4D12-9C69-A123A8E846D9} = {0E57A788-9449-4903-B11B-A29EBAD153FF}
		{9D4F7BC8-5B63-499E-9C75-04AF9A6B0670} = {6342697B-A096-4B8C-BCA5-5D2160C8B42D}
		{FE6DF74E-2D49-4BBB-B06C-0069BF3BD5CD} = {3DC746DA-4AD0-4CD9-8B1E-65370C7BF55B}
		{4579BC31-F537-4F82-A9BF-30BDF8EBEE2F} = {A37445E7-C165-4CFE-9664-88D339A581D0}
		{76BC6CCB-6C91-43AB-B247-ECDD31A2B70A} = {3738A08F-1282-4B45-A228-120B29B0055D}
		{E08033AA-36D6-46AB-86C6-B6C8DB3CCE08} = {2A0F1468-924A-4E15-8764-B302D2C56AF2}
		{9CDD23DF-7D34-45DF-9EDC-EB2AF62A1FD4} = {AAC642D5-CBA1-48CB-820E-E9E119CCF531}
		{EBA021C2-3948-4145-8032-9254722BD6A2} = {02F8130B-CBE1-4113-9F61-C96B626374A3}
		{B785575F-3EEB-4054-9C4D-8FE9F32640E0} = {F64B5D52-E25A-48EF-96D7-A754C8C8FCD8}
	EndGlobalSection
EndGlobal
